Microsoft Visual Studio Solution File, Format Version 7.00
Project("{4F174C21-8C12-11D0-8340-0000F80270F8}") = "ListProducts", "ListProducts.dbp", "{82558AF0-0FC2-417C-877A-B687A2ECCFF9}"
EndProject
Global
	GlobalSection(SourceCodeControl) = preSolution
		SccNumberOfProjects = 2
		SccLocalPath0 = .
		CanCheckoutShared = false
		SolutionUniqueID = {1CA2CFDC-6227-4096-B69A-9E628EC4D8B3}
		SccProjectUniqueName1 = ListProducts.dbp
		SccLocalPath1 = .
		CanCheckoutShared = false
	EndGlobalSection
	GlobalSection(SolutionConfiguration) = preSolution
	EndGlobalSection
	GlobalSection(ProjectDependencies) = postSolution
	EndGlobalSection
	GlobalSection(ProjectConfiguration) = postSolution
	EndGlobalSection
	GlobalSection(ExtensibilityGlobals) = postSolution
	EndGlobalSection
	GlobalSection(ExtensibilityAddIns) = postSolution
	EndGlobalSection
EndGlobal
